
Microsoft Visual Studio Solution File, Format Version 12.00
# Visual Studio Version 16
VisualStudioVersion = 16.0.31515.178
MinimumVisualStudioVersion = 10.0.40219.1
Project("{888888A0-9F3D-457C-B088-3A5042F75D52}") = "StringAndDatesHT", "StringAndDatesHT\StringAndDatesHT.pyproj", "{237DBA22-B245-4D9F-AB9F-1EE6C0AD1624}"
EndProject
Global
	GlobalSection(SolutionConfigurationPlatforms) = preSolution
		Debug|Any CPU = Debug|Any CPU
		Release|Any CPU = Release|Any CPU
	EndGlobalSection
	GlobalSection(ProjectConfigurationPlatforms) = postSolution
		{237DBA22-B245-4D9F-AB9F-1EE6C0AD1624}.Debug|Any CPU.ActiveCfg = Debug|Any CPU
		{237DBA22-B245-4D9F-AB9F-1EE6C0AD1624}.Release|Any CPU.ActiveCfg = Release|Any CPU
	EndGlobalSection
	GlobalSection(SolutionProperties) = preSolution
		HideSolutionNode = FALSE
	EndGlobalSection
	GlobalSection(ExtensibilityGlobals) = postSolution
		SolutionGuid = {E8657DEA-AC01-48A1-A946-DE825F0EB902}
	EndGlobalSection
EndGlobal
